// !$*UTF8*$!
{
	archiveVersion = 1;
	classes = {
	};
	objectVersion = 46;
	objects = {

/* Begin PBXBuildFile section */
		D71AFD9316DDF2170099121A /* LTUpdate.strings in Resources */ = {isa = PBXBuildFile; fileRef = D71AFD7A16DDF2170099121A /* LTUpdate.strings */; };
		D71AFD9416DDF2170099121A /* LTUpdate.strings in Resources */ = {isa = PBXBuildFile; fileRef = D71AFD7A16DDF2170099121A /* LTUpdate.strings */; };
		D779146116D23BB600BDF086 /* UIKit.framework in Frameworks */ = {isa = PBXBuildFile; fileRef = D779146016D23BB600BDF086 /* UIKit.framework */; };
		D779146316D23BB600BDF086 /* Foundation.framework in Frameworks */ = {isa = PBXBuildFile; fileRef = D779146216D23BB600BDF086 /* Foundation.framework */; };
		D779146516D23BB600BDF086 /* CoreGraphics.framework in Frameworks */ = {isa = PBXBuildFile; fileRef = D779146416D23BB600BDF086 /* CoreGraphics.framework */; };
		D779146B16D23BB600BDF086 /* InfoPlist.strings in Resources */ = {isa = PBXBuildFile; fileRef = D779146916D23BB600BDF086 /* InfoPlist.strings */; };
		D779146D16D23BB600BDF086 /* main.m in Sources */ = {isa = PBXBuildFile; fileRef = D779146C16D23BB600BDF086 /* main.m */; };
		D779147116D23BB700BDF086 /* LTAppDelegate.m in Sources */ = {isa = PBXBuildFile; fileRef = D779147016D23BB700BDF086 /* LTAppDelegate.m */; };
		D779147316D23BB700BDF086 /* Default.png in Resources */ = {isa = PBXBuildFile; fileRef = D779147216D23BB700BDF086 /* Default.png */; };
		D779147516D23BB700BDF086 /* Default@2x.png in Resources */ = {isa = PBXBuildFile; fileRef = D779147416D23BB700BDF086 /* Default@2x.png */; };
		D779147716D23BB700BDF086 /* Default-568h@2x.png in Resources */ = {isa = PBXBuildFile; fileRef = D779147616D23BB700BDF086 /* Default-568h@2x.png */; };
		D779147F16D23BB700BDF086 /* SenTestingKit.framework in Frameworks */ = {isa = PBXBuildFile; fileRef = D779147E16D23BB700BDF086 /* SenTestingKit.framework */; };
		D779148016D23BB700BDF086 /* UIKit.framework in Frameworks */ = {isa = PBXBuildFile; fileRef = D779146016D23BB600BDF086 /* UIKit.framework */; };
		D779148116D23BB700BDF086 /* Foundation.framework in Frameworks */ = {isa = PBXBuildFile; fileRef = D779146216D23BB600BDF086 /* Foundation.framework */; };
		D779148916D23BB700BDF086 /* InfoPlist.strings in Resources */ = {isa = PBXBuildFile; fileRef = D779148716D23BB700BDF086 /* InfoPlist.strings */; };
		D779148C16D23BB700BDF086 /* LTUpdate_DemoTests.m in Sources */ = {isa = PBXBuildFile; fileRef = D779148B16D23BB700BDF086 /* LTUpdate_DemoTests.m */; };
		D779149816D23C3100BDF086 /* LTUpdate.m in Sources */ = {isa = PBXBuildFile; fileRef = D779149716D23C3100BDF086 /* LTUpdate.m */; settings = {COMPILER_FLAGS = "-fno-objc-arc"; }; };
		D779149916D23C3100BDF086 /* LTUpdate.m in Sources */ = {isa = PBXBuildFile; fileRef = D779149716D23C3100BDF086 /* LTUpdate.m */; settings = {COMPILER_FLAGS = "-fobjc-arc"; }; };
		D7953BA716DB410600700B2F /* JSONKit.m in Sources */ = {isa = PBXBuildFile; fileRef = D7953BA316DB410600700B2F /* JSONKit.m */; };
		D7953BA816DB410600700B2F /* JSONKit.m in Sources */ = {isa = PBXBuildFile; fileRef = D7953BA316DB410600700B2F /* JSONKit.m */; };
/* End PBXBuildFile section */

/* Begin PBXContainerItemProxy section */
		D779148216D23BB700BDF086 /* PBXContainerItemProxy */ = {
			isa = PBXContainerItemProxy;
			containerPortal = D779145516D23BB600BDF086 /* Project object */;
			proxyType = 1;
			remoteGlobalIDString = D779145C16D23BB600BDF086;
			remoteInfo = "LTUpdate Demo";
		};
/* End PBXContainerItemProxy section */

/* Begin PBXFileReference section */
		D71AFD7B16DDF2170099121A /* ar */ = {isa = PBXFileReference; lastKnownFileType = text.plist.strings; name = ar; path = ar.lproj/LTUpdate.strings; sourceTree = "<group>"; };
		D71AFD7C16DDF2170099121A /* cs */ = {isa = PBXFileReference; lastKnownFileType = text.plist.strings; name = cs; path = cs.lproj/LTUpdate.strings; sourceTree = "<group>"; };
		D71AFD7D16DDF2170099121A /* da */ = {isa = PBXFileReference; lastKnownFileType = text.plist.strings; name = da; path = da.lproj/LTUpdate.strings; sourceTree = "<group>"; };
		D71AFD7E16DDF2170099121A /* de */ = {isa = PBXFileReference; lastKnownFileType = text.plist.strings; name = de; path = de.lproj/LTUpdate.strings; sourceTree = "<group>"; };
		D71AFD7F16DDF2170099121A /* en */ = {isa = PBXFileReference; lastKnownFileType = text.plist.strings; name = en; path = en.lproj/LTUpdate.strings; sourceTree = "<group>"; };
		D71AFD8016DDF2170099121A /* es */ = {isa = PBXFileReference; lastKnownFileType = text.plist.strings; name = es; path = es.lproj/LTUpdate.strings; sourceTree = "<group>"; };
		D71AFD8116DDF2170099121A /* fr */ = {isa = PBXFileReference; lastKnownFileType = text.plist.strings; name = fr; path = fr.lproj/LTUpdate.strings; sourceTree = "<group>"; };
		D71AFD8216DDF2170099121A /* it */ = {isa = PBXFileReference; lastKnownFileType = text.plist.strings; name = it; path = it.lproj/LTUpdate.strings; sourceTree = "<group>"; };
		D71AFD8316DDF2170099121A /* ja */ = {isa = PBXFileReference; lastKnownFileType = text.plist.strings; name = ja; path = ja.lproj/LTUpdate.strings; sourceTree = "<group>"; };
		D71AFD8416DDF2170099121A /* ko */ = {isa = PBXFileReference; lastKnownFileType = text.plist.strings; name = ko; path = ko.lproj/LTUpdate.strings; sourceTree = "<group>"; };
		D71AFD8516DDF2170099121A /* nl */ = {isa = PBXFileReference; lastKnownFileType = text.plist.strings; name = nl; path = nl.lproj/LTUpdate.strings; sourceTree = "<group>"; };
		D71AFD8616DDF2170099121A /* pl */ = {isa = PBXFileReference; lastKnownFileType = text.plist.strings; name = pl; path = pl.lproj/LTUpdate.strings; sourceTree = "<group>"; };
		D71AFD8716DDF2170099121A /* pt-BR */ = {isa = PBXFileReference; lastKnownFileType = text.plist.strings; name = "pt-BR"; path = "pt-BR.lproj/LTUpdate.strings"; sourceTree = "<group>"; };
		D71AFD8816DDF2170099121A /* pt-PT */ = {isa = PBXFileReference; lastKnownFileType = text.plist.strings; name = "pt-PT"; path = "pt-PT.lproj/LTUpdate.strings"; sourceTree = "<group>"; };
		D71AFD8916DDF2170099121A /* ro */ = {isa = PBXFileReference; lastKnownFileType = text.plist.strings; name = ro; path = ro.lproj/LTUpdate.strings; sourceTree = "<group>"; };
		D71AFD8A16DDF2170099121A /* ru */ = {isa = PBXFileReference; lastKnownFileType = text.plist.strings; name = ru; path = ru.lproj/LTUpdate.strings; sourceTree = "<group>"; };
		D71AFD8B16DDF2170099121A /* sk */ = {isa = PBXFileReference; lastKnownFileType = text.plist.strings; name = sk; path = sk.lproj/LTUpdate.strings; sourceTree = "<group>"; };
		D71AFD8C16DDF2170099121A /* sv */ = {isa = PBXFileReference; lastKnownFileType = text.plist.strings; name = sv; path = sv.lproj/LTUpdate.strings; sourceTree = "<group>"; };
		D71AFD8D16DDF2170099121A /* th */ = {isa = PBXFileReference; lastKnownFileType = text.plist.strings; name = th; path = th.lproj/LTUpdate.strings; sourceTree = "<group>"; };
		D71AFD8E16DDF2170099121A /* tr */ = {isa = PBXFileReference; lastKnownFileType = text.plist.strings; name = tr; path = tr.lproj/LTUpdate.strings; sourceTree = "<group>"; };
		D71AFD8F16DDF2170099121A /* uk */ = {isa = PBXFileReference; lastKnownFileType = text.plist.strings; name = uk; path = uk.lproj/LTUpdate.strings; sourceTree = "<group>"; };
		D71AFD9016DDF2170099121A /* zh-Hans */ = {isa = PBXFileReference; lastKnownFileType = text.plist.strings; name = "zh-Hans"; path = "zh-Hans.lproj/LTUpdate.strings"; sourceTree = "<group>"; };
		D71AFD9216DDF2170099121A /* zh-Hant-TW */ = {isa = PBXFileReference; lastKnownFileType = text.plist.strings; name = "zh-Hant-TW"; path = "zh-Hant-TW.lproj/LTUpdate.strings"; sourceTree = "<group>"; };
		D71AFD9516DE01A20099121A /* sl */ = {isa = PBXFileReference; lastKnownFileType = text.plist.strings; name = sl; path = sl.lproj/LTUpdate.strings; sourceTree = "<group>"; };
		D73EFAD016DE475E008C2CD8 /* zh-Hant */ = {isa = PBXFileReference; lastKnownFileType = text.plist.strings; name = "zh-Hant"; path = "zh-Hant.lproj/LTUpdate.strings"; sourceTree = "<group>"; };
		D779145D16D23BB600BDF086 /* LTUpdate Demo.app */ = {isa = PBXFileReference; explicitFileType = wrapper.application; includeInIndex = 0; path = "LTUpdate Demo.app"; sourceTree = BUILT_PRODUCTS_DIR; };
		D779146016D23BB600BDF086 /* UIKit.framework */ = {isa = PBXFileReference; lastKnownFileType = wrapper.framework; name = UIKit.framework; path = System/Library/Frameworks/UIKit.framework; sourceTree = SDKROOT; };
		D779146216D23BB600BDF086 /* Foundation.framework */ = {isa = PBXFileReference; lastKnownFileType = wrapper.framework; name = Foundation.framework; path = System/Library/Frameworks/Foundation.framework; sourceTree = SDKROOT; };
		D779146416D23BB600BDF086 /* CoreGraphics.framework */ = {isa = PBXFileReference; lastKnownFileType = wrapper.framework; name = CoreGraphics.framework; path = System/Library/Frameworks/CoreGraphics.framework; sourceTree = SDKROOT; };
		D779146816D23BB600BDF086 /* LTUpdate Demo-Info.plist */ = {isa = PBXFileReference; lastKnownFileType = text.plist.xml; path = "LTUpdate Demo-Info.plist"; sourceTree = "<group>"; };
		D779146A16D23BB600BDF086 /* en */ = {isa = PBXFileReference; lastKnownFileType = text.plist.strings; name = en; path = en.lproj/InfoPlist.strings; sourceTree = "<group>"; };
		D779146C16D23BB600BDF086 /* main.m */ = {isa = PBXFileReference; lastKnownFileType = sourcecode.c.objc; path = main.m; sourceTree = "<group>"; };
		D779146E16D23BB700BDF086 /* LTUpdate Demo-Prefix.pch */ = {isa = PBXFileReference; lastKnownFileType = sourcecode.c.h; path = "LTUpdate Demo-Prefix.pch"; sourceTree = "<group>"; };
		D779146F16D23BB700BDF086 /* LTAppDelegate.h */ = {isa = PBXFileReference; lastKnownFileType = sourcecode.c.h; path = LTAppDelegate.h; sourceTree = "<group>"; };
		D779147016D23BB700BDF086 /* LTAppDelegate.m */ = {isa = PBXFileReference; lastKnownFileType = sourcecode.c.objc; path = LTAppDelegate.m; sourceTree = "<group>"; };
		D779147216D23BB700BDF086 /* Default.png */ = {isa = PBXFileReference; lastKnownFileType = image.png; path = Default.png; sourceTree = "<group>"; };
		D779147416D23BB700BDF086 /* Default@2x.png */ = {isa = PBXFileReference; lastKnownFileType = image.png; path = "Default@2x.png"; sourceTree = "<group>"; };
		D779147616D23BB700BDF086 /* Default-568h@2x.png */ = {isa = PBXFileReference; lastKnownFileType = image.png; path = "Default-568h@2x.png"; sourceTree = "<group>"; };
		D779147D16D23BB700BDF086 /* LTUpdate DemoTests.octest */ = {isa = PBXFileReference; explicitFileType = wrapper.cfbundle; includeInIndex = 0; path = "LTUpdate DemoTests.octest"; sourceTree = BUILT_PRODUCTS_DIR; };
		D779147E16D23BB700BDF086 /* SenTestingKit.framework */ = {isa = PBXFileReference; lastKnownFileType = wrapper.framework; name = SenTestingKit.framework; path = Library/Frameworks/SenTestingKit.framework; sourceTree = DEVELOPER_DIR; };
		D779148616D23BB700BDF086 /* LTUpdate DemoTests-Info.plist */ = {isa = PBXFileReference; lastKnownFileType = text.plist.xml; path = "LTUpdate DemoTests-Info.plist"; sourceTree = "<group>"; };
		D779148816D23BB700BDF086 /* en */ = {isa = PBXFileReference; lastKnownFileType = text.plist.strings; name = en; path = en.lproj/InfoPlist.strings; sourceTree = "<group>"; };
		D779148A16D23BB700BDF086 /* LTUpdate_DemoTests.h */ = {isa = PBXFileReference; lastKnownFileType = sourcecode.c.h; path = LTUpdate_DemoTests.h; sourceTree = "<group>"; };
		D779148B16D23BB700BDF086 /* LTUpdate_DemoTests.m */ = {isa = PBXFileReference; lastKnownFileType = sourcecode.c.objc; path = LTUpdate_DemoTests.m; sourceTree = "<group>"; };
		D779149616D23C3100BDF086 /* LTUpdate.h */ = {isa = PBXFileReference; fileEncoding = 4; lastKnownFileType = sourcecode.c.h; path = LTUpdate.h; sourceTree = "<group>"; };
		D779149716D23C3100BDF086 /* LTUpdate.m */ = {isa = PBXFileReference; fileEncoding = 4; lastKnownFileType = sourcecode.c.objc; path = LTUpdate.m; sourceTree = "<group>"; };
		D7953BA216DB410600700B2F /* JSONKit.h */ = {isa = PBXFileReference; fileEncoding = 4; lastKnownFileType = sourcecode.c.h; path = JSONKit.h; sourceTree = "<group>"; };
		D7953BA316DB410600700B2F /* JSONKit.m */ = {isa = PBXFileReference; fileEncoding = 4; lastKnownFileType = sourcecode.c.objc; path = JSONKit.m; sourceTree = "<group>"; };
/* End PBXFileReference section */

/* Begin PBXFrameworksBuildPhase section */
		D779145A16D23BB600BDF086 /* Frameworks */ = {
			isa = PBXFrameworksBuildPhase;
			buildActionMask = 2147483647;
			files = (
				D779146116D23BB600BDF086 /* UIKit.framework in Frameworks */,
				D779146316D23BB600BDF086 /* Foundation.framework in Frameworks */,
				D779146516D23BB600BDF086 /* CoreGraphics.framework in Frameworks */,
			);
			runOnlyForDeploymentPostprocessing = 0;
		};
		D779147916D23BB700BDF086 /* Frameworks */ = {
			isa = PBXFrameworksBuildPhase;
			buildActionMask = 2147483647;
			files = (
				D779147F16D23BB700BDF086 /* SenTestingKit.framework in Frameworks */,
				D779148016D23BB700BDF086 /* UIKit.framework in Frameworks */,
				D779148116D23BB700BDF086 /* Foundation.framework in Frameworks */,
			);
			runOnlyForDeploymentPostprocessing = 0;
		};
/* End PBXFrameworksBuildPhase section */

/* Begin PBXGroup section */
		D71AFD7916DDF2170099121A /* LTI18N */ = {
			isa = PBXGroup;
			children = (
				D71AFD7A16DDF2170099121A /* LTUpdate.strings */,
			);
			path = LTI18N;
			sourceTree = "<group>";
		};
		D779145416D23BB600BDF086 = {
			isa = PBXGroup;
			children = (
				D7953BA016DB410600700B2F /* JSONKit */,
				D779149516D23C1700BDF086 /* LTUpdate */,
				D779146616D23BB600BDF086 /* LTUpdate Demo */,
				D779148416D23BB700BDF086 /* LTUpdate DemoTests */,
				D779145F16D23BB600BDF086 /* Frameworks */,
				D779145E16D23BB600BDF086 /* Products */,
			);
			sourceTree = "<group>";
		};
		D779145E16D23BB600BDF086 /* Products */ = {
			isa = PBXGroup;
			children = (
				D779145D16D23BB600BDF086 /* LTUpdate Demo.app */,
				D779147D16D23BB700BDF086 /* LTUpdate DemoTests.octest */,
			);
			name = Products;
			sourceTree = "<group>";
		};
		D779145F16D23BB600BDF086 /* Frameworks */ = {
			isa = PBXGroup;
			children = (
				D779146016D23BB600BDF086 /* UIKit.framework */,
				D779146216D23BB600BDF086 /* Foundation.framework */,
				D779146416D23BB600BDF086 /* CoreGraphics.framework */,
				D779147E16D23BB700BDF086 /* SenTestingKit.framework */,
			);
			name = Frameworks;
			sourceTree = "<group>";
		};
		D779146616D23BB600BDF086 /* LTUpdate Demo */ = {
			isa = PBXGroup;
			children = (
				D779146F16D23BB700BDF086 /* LTAppDelegate.h */,
				D779147016D23BB700BDF086 /* LTAppDelegate.m */,
				D779146716D23BB600BDF086 /* Supporting Files */,
			);
			path = "LTUpdate Demo";
			sourceTree = "<group>";
		};
		D779146716D23BB600BDF086 /* Supporting Files */ = {
			isa = PBXGroup;
			children = (
				D779146816D23BB600BDF086 /* LTUpdate Demo-Info.plist */,
				D779146916D23BB600BDF086 /* InfoPlist.strings */,
				D779146C16D23BB600BDF086 /* main.m */,
				D779146E16D23BB700BDF086 /* LTUpdate Demo-Prefix.pch */,
				D779147216D23BB700BDF086 /* Default.png */,
				D779147416D23BB700BDF086 /* Default@2x.png */,
				D779147616D23BB700BDF086 /* Default-568h@2x.png */,
			);
			name = "Supporting Files";
			sourceTree = "<group>";
		};
		D779148416D23BB700BDF086 /* LTUpdate DemoTests */ = {
			isa = PBXGroup;
			children = (
				D779148A16D23BB700BDF086 /* LTUpdate_DemoTests.h */,
				D779148B16D23BB700BDF086 /* LTUpdate_DemoTests.m */,
				D779148516D23BB700BDF086 /* Supporting Files */,
			);
			path = "LTUpdate DemoTests";
			sourceTree = "<group>";
		};
		D779148516D23BB700BDF086 /* Supporting Files */ = {
			isa = PBXGroup;
			children = (
				D779148616D23BB700BDF086 /* LTUpdate DemoTests-Info.plist */,
				D779148716D23BB700BDF086 /* InfoPlist.strings */,
			);
			name = "Supporting Files";
			sourceTree = "<group>";
		};
		D779149516D23C1700BDF086 /* LTUpdate */ = {
			isa = PBXGroup;
			children = (
				D71AFD7916DDF2170099121A /* LTI18N */,
				D779149616D23C3100BDF086 /* LTUpdate.h */,
				D779149716D23C3100BDF086 /* LTUpdate.m */,
			);
			name = LTUpdate;
			path = ../LTUpdate;
			sourceTree = "<group>";
		};
		D7953BA016DB410600700B2F /* JSONKit */ = {
			isa = PBXGroup;
			children = (
				D7953BA216DB410600700B2F /* JSONKit.h */,
				D7953BA316DB410600700B2F /* JSONKit.m */,
			);
			name = JSONKit;
			path = ../JSONKit;
			sourceTree = "<group>";
		};
/* End PBXGroup section */

/* Begin PBXNativeTarget section */
		D779145C16D23BB600BDF086 /* LTUpdate Demo */ = {
			isa = PBXNativeTarget;
			buildConfigurationList = D779148F16D23BB700BDF086 /* Build configuration list for PBXNativeTarget "LTUpdate Demo" */;
			buildPhases = (
				D779145916D23BB600BDF086 /* Sources */,
				D779145A16D23BB600BDF086 /* Frameworks */,
				D779145B16D23BB600BDF086 /* Resources */,
			);
			buildRules = (
			);
			dependencies = (
			);
			name = "LTUpdate Demo";
			productName = "LTUpdate Demo";
			productReference = D779145D16D23BB600BDF086 /* LTUpdate Demo.app */;
			productType = "com.apple.product-type.application";
		};
		D779147C16D23BB700BDF086 /* LTUpdate DemoTests */ = {
			isa = PBXNativeTarget;
			buildConfigurationList = D779149216D23BB700BDF086 /* Build configuration list for PBXNativeTarget "LTUpdate DemoTests" */;
			buildPhases = (
				D779147816D23BB700BDF086 /* Sources */,
				D779147916D23BB700BDF086 /* Frameworks */,
				D779147A16D23BB700BDF086 /* Resources */,
				D779147B16D23BB700BDF086 /* ShellScript */,
			);
			buildRules = (
			);
			dependencies = (
				D779148316D23BB700BDF086 /* PBXTargetDependency */,
			);
			name = "LTUpdate DemoTests";
			productName = "LTUpdate DemoTests";
			productReference = D779147D16D23BB700BDF086 /* LTUpdate DemoTests.octest */;
			productType = "com.apple.product-type.bundle";
		};
/* End PBXNativeTarget section */

/* Begin PBXProject section */
		D779145516D23BB600BDF086 /* Project object */ = {
			isa = PBXProject;
			attributes = {
				CLASSPREFIX = LT;
				LastUpgradeCheck = 0460;
				ORGANIZATIONNAME = "Lex Tang";
			};
			buildConfigurationList = D779145816D23BB600BDF086 /* Build configuration list for PBXProject "LTUpdate Demo" */;
			compatibilityVersion = "Xcode 3.2";
			developmentRegion = English;
			hasScannedForEncodings = 0;
			knownRegions = (
				en,
				"zh-Hans",
				"zh-Hant",
				fr,
				ja,
				de,
				es,
				it,
				pt,
				"pt-PT",
				nl,
				sv,
				da,
				ru,
				pl,
				"pt-BR",
				ko,
				ar,
				cs,
				tr,
				th,
				ro,
				sk,
				uk,
				"zh-Hant-TW",
				"zh-Hant-HK",
				sl,
			);
			mainGroup = D779145416D23BB600BDF086;
			productRefGroup = D779145E16D23BB600BDF086 /* Products */;
			projectDirPath = "";
			projectRoot = "";
			targets = (
				D779145C16D23BB600BDF086 /* LTUpdate Demo */,
				D779147C16D23BB700BDF086 /* LTUpdate DemoTests */,
			);
		};
/* End PBXProject section */

/* Begin PBXResourcesBuildPhase section */
		D779145B16D23BB600BDF086 /* Resources */ = {
			isa = PBXResourcesBuildPhase;
			buildActionMask = 2147483647;
			files = (
				D779146B16D23BB600BDF086 /* InfoPlist.strings in Resources */,
				D779147316D23BB700BDF086 /* Default.png in Resources */,
				D779147516D23BB700BDF086 /* Default@2x.png in Resources */,
				D779147716D23BB700BDF086 /* Default-568h@2x.png in Resources */,
				D71AFD9316DDF2170099121A /* LTUpdate.strings in Resources */,
			);
			runOnlyForDeploymentPostprocessing = 0;
		};
		D779147A16D23BB700BDF086 /* Resources */ = {
			isa = PBXResourcesBuildPhase;
			buildActionMask = 2147483647;
			files = (
				D779148916D23BB700BDF086 /* InfoPlist.strings in Resources */,
				D71AFD9416DDF2170099121A /* LTUpdate.strings in Resources */,
			);
			runOnlyForDeploymentPostprocessing = 0;
		};
/* End PBXResourcesBuildPhase section */

/* Begin PBXShellScriptBuildPhase section */
		D779147B16D23BB700BDF086 /* ShellScript */ = {
			isa = PBXShellScriptBuildPhase;
			buildActionMask = 2147483647;
			files = (
			);
			inputPaths = (
			);
			outputPaths = (
			);
			runOnlyForDeploymentPostprocessing = 0;
			shellPath = /bin/sh;
			shellScript = "# Run the unit tests in this test bundle.\n\"${SYSTEM_DEVELOPER_DIR}/Tools/RunUnitTests\"\n";
		};
/* End PBXShellScriptBuildPhase section */

/* Begin PBXSourcesBuildPhase section */
		D779145916D23BB600BDF086 /* Sources */ = {
			isa = PBXSourcesBuildPhase;
			buildActionMask = 2147483647;
			files = (
				D779146D16D23BB600BDF086 /* main.m in Sources */,
				D779147116D23BB700BDF086 /* LTAppDelegate.m in Sources */,
				D779149816D23C3100BDF086 /* LTUpdate.m in Sources */,
				D7953BA716DB410600700B2F /* JSONKit.m in Sources */,
			);
			runOnlyForDeploymentPostprocessing = 0;
		};
		D779147816D23BB700BDF086 /* Sources */ = {
			isa = PBXSourcesBuildPhase;
			buildActionMask = 2147483647;
			files = (
				D779148C16D23BB700BDF086 /* LTUpdate_DemoTests.m in Sources */,
				D779149916D23C3100BDF086 /* LTUpdate.m in Sources */,
				D7953BA816DB410600700B2F /* JSONKit.m in Sources */,
			);
			runOnlyForDeploymentPostprocessing = 0;
		};
/* End PBXSourcesBuildPhase section */

/* Begin PBXTargetDependency section */
		D779148316D23BB700BDF086 /* PBXTargetDependency */ = {
			isa = PBXTargetDependency;
			target = D779145C16D23BB600BDF086 /* LTUpdate Demo */;
			targetProxy = D779148216D23BB700BDF086 /* PBXContainerItemProxy */;
		};
/* End PBXTargetDependency section */

/* Begin PBXVariantGroup section */
		D71AFD7A16DDF2170099121A /* LTUpdate.strings */ = {
			isa = PBXVariantGroup;
			children = (
				D71AFD7B16DDF2170099121A /* ar */,
				D71AFD7C16DDF2170099121A /* cs */,
				D71AFD7D16DDF2170099121A /* da */,
				D71AFD7E16DDF2170099121A /* de */,
				D71AFD7F16DDF2170099121A /* en */,
				D71AFD8016DDF2170099121A /* es */,
				D71AFD8116DDF2170099121A /* fr */,
				D71AFD8216DDF2170099121A /* it */,
				D71AFD8316DDF2170099121A /* ja */,
				D71AFD8416DDF2170099121A /* ko */,
				D71AFD8516DDF2170099121A /* nl */,
				D71AFD8616DDF2170099121A /* pl */,
				D71AFD8716DDF2170099121A /* pt-BR */,
				D71AFD8816DDF2170099121A /* pt-PT */,
				D71AFD8916DDF2170099121A /* ro */,
				D71AFD8A16DDF2170099121A /* ru */,
				D71AFD8B16DDF2170099121A /* sk */,
				D71AFD8C16DDF2170099121A /* sv */,
				D71AFD8D16DDF2170099121A /* th */,
				D71AFD8E16DDF2170099121A /* tr */,
				D71AFD8F16DDF2170099121A /* uk */,
				D71AFD9016DDF2170099121A /* zh-Hans */,
				D71AFD9216DDF2170099121A /* zh-Hant-TW */,
				D71AFD9516DE01A20099121A /* sl */,
				D73EFAD016DE475E008C2CD8 /* zh-Hant */,
			);
			name = LTUpdate.strings;
			sourceTree = "<group>";
		};
		D779146916D23BB600BDF086 /* InfoPlist.strings */ = {
			isa = PBXVariantGroup;
			children = (
				D779146A16D23BB600BDF086 /* en */,
			);
			name = InfoPlist.strings;
			sourceTree = "<group>";
		};
		D779148716D23BB700BDF086 /* InfoPlist.strings */ = {
			isa = PBXVariantGroup;
			children = (
				D779148816D23BB700BDF086 /* en */,
			);
			name = InfoPlist.strings;
			sourceTree = "<group>";
		};
/* End PBXVariantGroup section */

/* Begin XCBuildConfiguration section */
		D779148D16D23BB700BDF086 /* Debug */ = {
			isa = XCBuildConfiguration;
			buildSettings = {
				ALWAYS_SEARCH_USER_PATHS = NO;
				CLANG_CXX_LANGUAGE_STANDARD = "gnu++0x";
				CLANG_CXX_LIBRARY = "libc++";
				CLANG_WARN_CONSTANT_CONVERSION = YES;
				CLANG_WARN_EMPTY_BODY = YES;
				CLANG_WARN_ENUM_CONVERSION = YES;
				CLANG_WARN_INT_CONVERSION = YES;
				CLANG_WARN__DUPLICATE_METHOD_MATCH = YES;
				CODE_SIGN_IDENTITY = "";
				"CODE_SIGN_IDENTITY[sdk=iphoneos*]" = "iPhone Developer";
				COPY_PHASE_STRIP = NO;
				GCC_C_LANGUAGE_STANDARD = gnu99;
				GCC_DYNAMIC_NO_PIC = NO;
				GCC_OPTIMIZATION_LEVEL = 0;
				GCC_PREPROCESSOR_DEFINITIONS = (
					"DEBUG=1",
					"$(inherited)",
				);
				GCC_SYMBOLS_PRIVATE_EXTERN = NO;
				GCC_WARN_ABOUT_RETURN_TYPE = YES;
				GCC_WARN_UNINITIALIZED_AUTOS = YES;
				GCC_WARN_UNUSED_VARIABLE = YES;
				IPHONEOS_DEPLOYMENT_TARGET = 4.3;
				ONLY_ACTIVE_ARCH = YES;
				"PROVISIONING_PROFILE[sdk=iphoneos*]" = "";
				SDKROOT = iphoneos;
			};
			name = Debug;
		};
		D779148E16D23BB700BDF086 /* Release */ = {
			isa = XCBuildConfiguration;
			buildSettings = {
				ALWAYS_SEARCH_USER_PATHS = NO;
				CLANG_CXX_LANGUAGE_STANDARD = "gnu++0x";
				CLANG_CXX_LIBRARY = "libc++";
				CLANG_WARN_CONSTANT_CONVERSION = YES;
				CLANG_WARN_EMPTY_BODY = YES;
				CLANG_WARN_ENUM_CONVERSION = YES;
				CLANG_WARN_INT_CONVERSION = YES;
				CLANG_WARN__DUPLICATE_METHOD_MATCH = YES;
				CODE_SIGN_IDENTITY = "";
				"CODE_SIGN_IDENTITY[sdk=iphoneos*]" = "iPhone Developer";
				COPY_PHASE_STRIP = YES;
				GCC_C_LANGUAGE_STANDARD = gnu99;
				GCC_WARN_ABOUT_RETURN_TYPE = YES;
				GCC_WARN_UNINITIALIZED_AUTOS = YES;
				GCC_WARN_UNUSED_VARIABLE = YES;
				IPHONEOS_DEPLOYMENT_TARGET = 4.3;
				OTHER_CFLAGS = "-DNS_BLOCK_ASSERTIONS=1";
				SDKROOT = iphoneos;
				VALIDATE_PRODUCT = YES;
			};
			name = Release;
		};
		D779149016D23BB700BDF086 /* Debug */ = {
			isa = XCBuildConfiguration;
			buildSettings = {
				GCC_PRECOMPILE_PREFIX_HEADER = YES;
				GCC_PREFIX_HEADER = "LTUpdate Demo/LTUpdate Demo-Prefix.pch";
				INFOPLIST_FILE = "LTUpdate Demo/LTUpdate Demo-Info.plist";
				IPHONEOS_DEPLOYMENT_TARGET = 6.1;
				PRODUCT_NAME = "$(TARGET_NAME)";
				TARGETED_DEVICE_FAMILY = "1,2";
				WRAPPER_EXTENSION = app;
			};
			name = Debug;
		};
		D779149116D23BB700BDF086 /* Release */ = {
			isa = XCBuildConfiguration;
			buildSettings = {
				GCC_PRECOMPILE_PREFIX_HEADER = YES;
				GCC_PREFIX_HEADER = "LTUpdate Demo/LTUpdate Demo-Prefix.pch";
				INFOPLIST_FILE = "LTUpdate Demo/LTUpdate Demo-Info.plist";
				IPHONEOS_DEPLOYMENT_TARGET = 6.1;
				PRODUCT_NAME = "$(TARGET_NAME)";
				TARGETED_DEVICE_FAMILY = "1,2";
				WRAPPER_EXTENSION = app;
			};
			name = Release;
		};
		D779149316D23BB700BDF086 /* Debug */ = {
			isa = XCBuildConfiguration;
			buildSettings = {
				BUNDLE_LOADER = "$(BUILT_PRODUCTS_DIR)/LTUpdate Demo.app/LTUpdate Demo";
				FRAMEWORK_SEARCH_PATHS = (
					"\"$(SDKROOT)/Developer/Library/Frameworks\"",
					"\"$(DEVELOPER_LIBRARY_DIR)/Frameworks\"",
				);
				GCC_PRECOMPILE_PREFIX_HEADER = YES;
				GCC_PREFIX_HEADER = "LTUpdate Demo/LTUpdate Demo-Prefix.pch";
				INFOPLIST_FILE = "LTUpdate DemoTests/LTUpdate DemoTests-Info.plist";
				PRODUCT_NAME = "$(TARGET_NAME)";
				TEST_HOST = "$(BUNDLE_LOADER)";
				WRAPPER_EXTENSION = octest;
			};
			name = Debug;
		};
		D779149416D23BB700BDF086 /* Release */ = {
			isa = XCBuildConfiguration;
			buildSettings = {
				BUNDLE_LOADER = "$(BUILT_PRODUCTS_DIR)/LTUpdate Demo.app/LTUpdate Demo";
				FRAMEWORK_SEARCH_PATHS = (
					"\"$(SDKROOT)/Developer/Library/Frameworks\"",
					"\"$(DEVELOPER_LIBRARY_DIR)/Frameworks\"",
				);
				GCC_PRECOMPILE_PREFIX_HEADER = YES;
				GCC_PREFIX_HEADER = "LTUpdate Demo/LTUpdate Demo-Prefix.pch";
				INFOPLIST_FILE = "LTUpdate DemoTests/LTUpdate DemoTests-Info.plist";
				PRODUCT_NAME = "$(TARGET_NAME)";
				TEST_HOST = "$(BUNDLE_LOADER)";
				WRAPPER_EXTENSION = octest;
			};
			name = Release;
		};
/* End XCBuildConfiguration section */

/* Begin XCConfigurationList section */
		D779145816D23BB600BDF086 /* Build configuration list for PBXProject "LTUpdate Demo" */ = {
			isa = XCConfigurationList;
			buildConfigurations = (
				D779148D16D23BB700BDF086 /* Debug */,
				D779148E16D23BB700BDF086 /* Release */,
			);
			defaultConfigurationIsVisible = 0;
			defaultConfigurationName = Release;
		};
		D779148F16D23BB700BDF086 /* Build configuration list for PBXNativeTarget "LTUpdate Demo" */ = {
			isa = XCConfigurationList;
			buildConfigurations = (
				D779149016D23BB700BDF086 /* Debug */,
				D779149116D23BB700BDF086 /* Release */,
			);
			defaultConfigurationIsVisible = 0;
			defaultConfigurationName = Release;
		};
		D779149216D23BB700BDF086 /* Build configuration list for PBXNativeTarget "LTUpdate DemoTests" */ = {
			isa = XCConfigurationList;
			buildConfigurations = (
				D779149316D23BB700BDF086 /* Debug */,
				D779149416D23BB700BDF086 /* Release */,
			);
			defaultConfigurationIsVisible = 0;
			defaultConfigurationName = Release;
		};
/* End XCConfigurationList section */
	};
	rootObject = D779145516D23BB600BDF086 /* Project object */;
}
